# THIS IS AN AUTOGENERATED FILE. DO NOT EDIT THIS FILE DIRECTLY.
# yarn lockfile v1


"@brightlayer-ui/prettier-config@^1.0.3":
  version "1.0.3"
  resolved "https://registry.yarnpkg.com/@brightlayer-ui/prettier-config/-/prettier-config-1.0.3.tgz#e40a7ae7435c6fd5118acbf249080e0aa81e93af"
  integrity sha512-EYm3+V7Qd+oYEF+8FadsXAZqXryEHHbGnrV1BMp9selhABjceqUqXPVE4Sn3SKWQdBNJ3En2A3EzgrzRbvRTaw==

abbrev@1:
  version "1.1.1"
  resolved "https://registry.yarnpkg.com/abbrev/-/abbrev-1.1.1.tgz#f8f2c887ad10bf67f634f005b6987fed3179aac8"
  integrity sha512-nne9/IiQ/hzIhY6pdDnbBtz7DjPTKrY00P/zvPSm5pOFkl6xuGrGnXn/VtTNNfNtAfZ9/1RtehkszU9qcTii0Q==

ansi-regex@^0.2.0, ansi-regex@^0.2.1:
  version "0.2.1"
  resolved "https://registry.yarnpkg.com/ansi-regex/-/ansi-regex-0.2.1.tgz#0d8e946967a3d8143f93e24e298525fc1b2235f9"
  integrity sha512-sGwIGMjhYdW26/IhwK2gkWWI8DRCVO6uj3hYgHT+zD+QL1pa37tM3ujhyfcJIYSbsxp7Gxhy7zrRW/1AHm4BmA==

ansi-styles@^1.1.0:
  version "1.1.0"
  resolved "https://registry.yarnpkg.com/ansi-styles/-/ansi-styles-1.1.0.tgz#eaecbf66cd706882760b2f4691582b8f55d7a7de"
  integrity sha512-f2PKUkN5QngiSemowa6Mrk9MPCdtFiOSmibjZ+j1qhLGHHYsqZwmBMRF3IRMVXo8sybDqx2fJl2d/8OphBoWkA==

ansi-styles@^3.2.1:
  version "3.2.1"
  resolved "https://registry.yarnpkg.com/ansi-styles/-/ansi-styles-3.2.1.tgz#41fbb20243e50b12be0f04b8dedbf07520ce841d"
  integrity sha512-VT0ZI6kZRdTh8YyJw3SMbYm/u+NqfsAxEpWO0Pf9sq8/e94WxxOpPKx9FR1FlyCtOVDNOQ+8ntlqFxiRc+r5qA==
  dependencies:
    color-convert "^1.9.0"

asap@^2.0.0:
  version "2.0.6"
  resolved "https://registry.yarnpkg.com/asap/-/asap-2.0.6.tgz#e50347611d7e690943208bbdafebcbc2fb866d46"
  integrity sha512-BSHWgDSAiKs50o2Re8ppvp3seVHXSRM44cdSsT9FfNEUUZLOGWVCsiWaRPWM1Znn+mqZ1OfVZ3z3DWEzSp7hRA==

async@^2.6.1:
  version "2.6.4"
  resolved "https://registry.yarnpkg.com/async/-/async-2.6.4.tgz#706b7ff6084664cd7eae713f6f965433b5504221"
  integrity sha512-mzo5dfJYwAn29PeiJ0zvwTo04zj8HDJj0Mn8TD7sno7q12prdbnasKJHhkm2c1LgrhlJ0teaea8860oxi51mGA==
  dependencies:
    lodash "^4.17.14"

balanced-match@^1.0.0:
  version "1.0.2"
  resolved "https://registry.yarnpkg.com/balanced-match/-/balanced-match-1.0.2.tgz#e83e3a7e3f300b34cb9d87f615fa0cbf357690ee"
  integrity sha512-3oSeUO0TMV67hN1AmbXsK4yaqU7tjiHlbxRDZOpH0KW9+CeX4bRAaX0Anxt0tx2MrpRpWwQaPwIlISEJhYU5Pw==

brace-expansion@^1.1.7:
  version "1.1.11"
  resolved "https://registry.yarnpkg.com/brace-expansion/-/brace-expansion-1.1.11.tgz#3c7fcbf529d87226f3d2f52b966ff5271eb441dd"
  integrity sha512-iCuPHDFgrHX7H2vEI/5xpz07zSHB00TpugqhmYtVmMO6518mCuRMoOYFldEBl0g187ufozdaHgWKcYFb61qGiA==
  dependencies:
    balanced-match "^1.0.0"
    concat-map "0.0.1"

chalk@^2.4.2:
  version "2.4.2"
  resolved "https://registry.yarnpkg.com/chalk/-/chalk-2.4.2.tgz#cd42541677a54333cf541a49108c1432b44c9424"
  integrity sha512-Mti+f9lpJNcwF4tWV8/OrTTtF1gZi+f8FqlyAdouralcFWFQWF2+NgCHShjkCb+IFBLq9buZwE1xckQU4peSuQ==
  dependencies:
    ansi-styles "^3.2.1"
    escape-string-regexp "^1.0.5"
    supports-color "^5.3.0"

chalk@~0.5.1:
  version "0.5.1"
  resolved "https://registry.yarnpkg.com/chalk/-/chalk-0.5.1.tgz#663b3a648b68b55d04690d49167aa837858f2174"
  integrity sha512-bIKA54hP8iZhyDT81TOsJiQvR1gW+ZYSXFaZUAvoD4wCHdbHY2actmpTE4x344ZlFqHbvoxKOaESULTZN2gstg==
  dependencies:
    ansi-styles "^1.1.0"
    escape-string-regexp "^1.0.0"
    has-ansi "^0.1.0"
    strip-ansi "^0.3.0"
    supports-color "^0.2.0"

color-convert@^1.9.0:
  version "1.9.3"
  resolved "https://registry.yarnpkg.com/color-convert/-/color-convert-1.9.3.tgz#bb71850690e1f136567de629d2d5471deda4c1e8"
  integrity sha512-QfAUtd+vFdAtFQcC8CCyYt1fYWxSqAiK2cSD6zDB8N3cpsEBAvRxp9zOGg6G/SHHJYAT88/az/IuDGALsNVbGg==
  dependencies:
    color-name "1.1.3"

color-name@1.1.3:
  version "1.1.3"
  resolved "https://registry.yarnpkg.com/color-name/-/color-name-1.1.3.tgz#a7d0558bd89c42f795dd42328f740831ca53bc25"
  integrity sha512-72fSenhMw2HZMTVHeCA9KCmpEIbzWiQsjN+BHcBbS9vr1mtt+vJjPdksIBNUmKAW8TFUDPJK5SUU3QhE9NEXDw==

concat-map@0.0.1:
  version "0.0.1"
  resolved "https://registry.yarnpkg.com/concat-map/-/concat-map-0.0.1.tgz#d8a96bd77fd68df7793a73036a3ba0d5405d477b"
  integrity sha512-/Srv4dswyQNBfohGpz9o6Yb3Gz3SrUDqBH5rTuhGR7ahtlbYKnVxw2bCFMRljaA7EXHaXZ8wsHdodFvbkhKmqg==

debuglog@^1.0.1:
  version "1.0.1"
  resolved "https://registry.yarnpkg.com/debuglog/-/debuglog-1.0.1.tgz#aa24ffb9ac3df9a2351837cfb2d279360cd78492"
  integrity sha512-syBZ+rnAK3EgMsH2aYEOLUW7mZSY9Gb+0wUMCFsZvcmiz+HigA0LOcq/HoQqVuGG+EKykunc7QG2bzrponfaSw==

dezalgo@^1.0.0:
  version "1.0.4"
  resolved "https://registry.yarnpkg.com/dezalgo/-/dezalgo-1.0.4.tgz#751235260469084c132157dfa857f386d4c33d81"
  integrity sha512-rXSP0bf+5n0Qonsb+SVVfNfIsimO4HEtmnIpPHY8Q1UCzKlQrDMfdobr8nJOOsRgWCyMRqeSBQzmWUMq7zvVig==
  dependencies:
    asap "^2.0.0"
    wrappy "1"

escape-string-regexp@^1.0.0, escape-string-regexp@^1.0.5:
  version "1.0.5"
  resolved "https://registry.yarnpkg.com/escape-string-regexp/-/escape-string-regexp-1.0.5.tgz#1b61c0562190a8dff6ae3bb2cf0200ca130b86d4"
  integrity sha512-vbRorB5FUQWvla16U8R/qgaFIya2qGzwDrNmCZuYKrbdSUMG6I1ZCGQRefkRVhuOkIGVne7BQ35DSfo1qvJqFg==

github-url-from-git@^1.3.0:
  version "1.5.0"
  resolved "https://registry.yarnpkg.com/github-url-from-git/-/github-url-from-git-1.5.0.tgz#f985fedcc0a9aa579dc88d7aff068d55cc6251a0"
  integrity sha512-WWOec4aRI7YAykQ9+BHmzjyNlkfJFG8QLXnDTsLz/kZefq7qkzdfo4p6fkYYMIq1aj+gZcQs/1HQhQh3DPPxlQ==

github-url-from-username-repo@^1.0.0:
  version "1.0.2"
  resolved "https://registry.yarnpkg.com/github-url-from-username-repo/-/github-url-from-username-repo-1.0.2.tgz#7dd79330d2abe69c10c2cef79714c97215791dfa"
  integrity sha512-Tj8CQqRoFVTglGdQ8FQmfq8gOOoOYZX7tnOKP8jq8Hdz2OTDhxvtlkLAbrqMYZ7X/YdaYQoUG1IBWxISBfqZ+Q==

glob@^5.0.3:
  version "5.0.15"
  resolved "https://registry.yarnpkg.com/glob/-/glob-5.0.15.tgz#1bc936b9e02f4a603fcc222ecf7633d30b8b93b1"
  integrity sha512-c9IPMazfRITpmAAKi22dK1VKxGDX9ehhqfABDriL/lzO92xcUKEJPQHrVA/2YHSNFB4iFlykVmWvwo48nr3OxA==
  dependencies:
    inflight "^1.0.4"
    inherits "2"
    minimatch "2 || 3"
    once "^1.3.0"
    path-is-absolute "^1.0.0"

"graceful-fs@2 || 3":
  version "3.0.12"
  resolved "https://registry.yarnpkg.com/graceful-fs/-/graceful-fs-3.0.12.tgz#0034947ce9ed695ec8ab0b854bc919e82b1ffaef"
  integrity sha512-J55gaCS4iTTJfTXIxSVw3EMQckcqkpdRv3IR7gu6sq0+tbC363Zx6KH/SEwXASK9JRbhyZmVjJEVJIOxYsB3Qg==
  dependencies:
    natives "^1.1.3"

graceful-fs@^4.1.2:
  version "4.2.10"
  resolved "https://registry.yarnpkg.com/graceful-fs/-/graceful-fs-4.2.10.tgz#147d3a006da4ca3ce14728c7aefc287c367d7a6c"
  integrity sha512-9ByhssR2fPVsNZj478qUUbKfmL0+t5BDVyjShtyZZLiK7ZDAArFFfopyOTj0M05wE2tJPisA4iTnnXl2YoPvOA==

has-ansi@^0.1.0:
  version "0.1.0"
  resolved "https://registry.yarnpkg.com/has-ansi/-/has-ansi-0.1.0.tgz#84f265aae8c0e6a88a12d7022894b7568894c62e"
  integrity sha512-1YsTg1fk2/6JToQhtZkArMkurq8UoWU1Qe0aR3VUHjgij4nOylSWLWAtBXoZ4/dXOmugfLGm1c+QhuD0JyedFA==
  dependencies:
    ansi-regex "^0.2.0"

has-flag@^3.0.0:
  version "3.0.0"
  resolved "https://registry.yarnpkg.com/has-flag/-/has-flag-3.0.0.tgz#b5d454dc2199ae225699f3467e5a07f3b955bafd"
  integrity sha512-sKJf1+ceQBr4SMkvQnBDNDtf4TXpVhVGateu0t918bl30FnbE2m4vNLX+VWe/dpjlb+HugGYzW7uQXH98HPEYw==

inflight@^1.0.4:
  version "1.0.6"
  resolved "https://registry.yarnpkg.com/inflight/-/inflight-1.0.6.tgz#49bd6331d7d02d0c09bc910a1075ba8165b56df9"
  integrity sha512-k92I/b08q4wvFscXCLvqfsHCrjrF7yiXsQuIVvVE7N82W3+aqpzuUdBbfhWcy/FZR3/4IgflMgKLOsvPDrGCJA==
  dependencies:
    once "^1.3.0"
    wrappy "1"

inherits@2:
  version "2.0.4"
  resolved "https://registry.yarnpkg.com/inherits/-/inherits-2.0.4.tgz#0fa2c64f932917c3433a0ded55363aae37416b7c"
  integrity sha512-k/vGaX4/Yla3WzyMCvTQOXYeIHvqOKtnqBduzTHpzpQZzAskKMhZ2K+EnBiSM9zGSoIFeMpXKxa4dYeZIQqewQ==

jju@^1.1.0:
  version "1.4.0"
  resolved "https://registry.yarnpkg.com/jju/-/jju-1.4.0.tgz#a3abe2718af241a2b2904f84a625970f389ae32a"
  integrity sha512-8wb9Yw966OSxApiCt0K3yNJL8pnNeIv+OEq2YMidz4FKP6nonSRoOXc80iXY4JaN2FC11B9qsNmDsm+ZOfMROA==

jquery-extend@~2.0.3:
  version "2.0.3"
  resolved "https://registry.yarnpkg.com/jquery-extend/-/jquery-extend-2.0.3.tgz#6815cdb01a866ddba30e6f4d0fc5fb6679272735"
  integrity sha512-ysLU6/m8VLckIjAudiE+s7YAoYwklZy5Ft9kqO7FPkqaQrd3wUMuZ134G3uniysW8VZME/pGa2LcynsM4TjP5Q==

json-parse-helpfulerror@^1.0.2:
  version "1.0.3"
  resolved "https://registry.yarnpkg.com/json-parse-helpfulerror/-/json-parse-helpfulerror-1.0.3.tgz#13f14ce02eed4e981297b64eb9e3b932e2dd13dc"
  integrity sha512-XgP0FGR77+QhUxjXkwOMkC94k3WtqEBfcnjWqhRd82qTat4SWKRE+9kUnynz/shm3I4ea2+qISvTIeGTNU7kJg==
  dependencies:
    jju "^1.1.0"

"license-checker@git+https://github.com/mwittig/license-checker#d546e3f738e14c62e732346fa355162d46700893":
  version "1.0.0"
  resolved "git+https://github.com/mwittig/license-checker#d546e3f738e14c62e732346fa355162d46700893"
  dependencies:
    chalk "~0.5.1"
    mkdirp "^0.3.5"
    nopt "^2.2.0"
    read-installed "~3.1.3"
    treeify "^1.0.1"

lodash@^4.17.14:
  version "4.17.21"
  resolved "https://registry.yarnpkg.com/lodash/-/lodash-4.17.21.tgz#679591c564c3bffaae8454cf0b3df370c3d6911c"
  integrity sha512-v2kDEe57lecTulaDIuNTPy3Ry4gLGJ6Z1O3vE1krgXZNrsQ+LFTGHVxVjcXPs17LhbZVGedAJv8XZ1tvj5FvSg==

"minimatch@2 || 3":
  version "3.1.2"
  resolved "https://registry.yarnpkg.com/minimatch/-/minimatch-3.1.2.tgz#19cd194bfd3e428f049a70817c038d89ab4be35b"
  integrity sha512-J7p63hRiAjw1NDEww1W7i37+ByIrOWO5XQQAzZ3VOcL0PNybwpfmV/N05zFAzwQ9USyEcX6t3UO+K5aqBQOIHw==
  dependencies:
    brace-expansion "^1.1.7"

minimist@^1.2.6:
  version "1.2.7"
  resolved "https://registry.yarnpkg.com/minimist/-/minimist-1.2.7.tgz#daa1c4d91f507390437c6a8bc01078e7000c4d18"
  integrity sha512-bzfL1YUZsP41gmu/qjrEk0Q6i2ix/cVeAhbCbqH9u3zYutS1cLg00qhrD0M2MVdCcx4Sc0UpP2eBWo9rotpq6g==

mkdirp@^0.3.5:
  version "0.3.5"
  resolved "https://registry.yarnpkg.com/mkdirp/-/mkdirp-0.3.5.tgz#de3e5f8961c88c787ee1368df849ac4413eca8d7"
  integrity sha512-8OCq0De/h9ZxseqzCH8Kw/Filf5pF/vMI6+BH7Lu0jXz2pqYCjTAQRolSxRIi+Ax+oCCjlxoJMP0YQ4XlrQNHg==

mkdirp@^0.5.1:
  version "0.5.6"
  resolved "https://registry.yarnpkg.com/mkdirp/-/mkdirp-0.5.6.tgz#7def03d2432dcae4ba1d611445c48396062255f6"
  integrity sha512-FP+p8RB8OWpF3YZBCrP5gtADmtXApB5AMLn+vdyA+PyxCjrCs00mjyUozssO33cwDeT3wNGdLxJ5M//YqtHAJw==
  dependencies:
    minimist "^1.2.6"

natives@^1.1.3:
  version "1.1.6"
  resolved "https://registry.yarnpkg.com/natives/-/natives-1.1.6.tgz#a603b4a498ab77173612b9ea1acdec4d980f00bb"
  integrity sha512-6+TDFewD4yxY14ptjKaS63GVdtKiES1pTPyxn9Jb0rBqPMZ7VcCiooEhPNsr+mqHtMGxa/5c/HhcC4uPEUw/nA==

nopt-defaults@^0.0.1:
  version "0.0.1"
  resolved "https://registry.yarnpkg.com/nopt-defaults/-/nopt-defaults-0.0.1.tgz#f150fcc8882309cbfb76187e12e9bcb20694558b"
  integrity sha512-Ri0fmpCibbSQQX4LoYIvt/MmiA/ivo30tDT1ifdN7/Vh4frHHd/SspJHmlDmrpXflVvoFAPMw4u64eW44Ez0lA==

nopt-usage@^0.1.0:
  version "0.1.0"
  resolved "https://registry.yarnpkg.com/nopt-usage/-/nopt-usage-0.1.0.tgz#b18b8c183e181047ca9e63b7cde7cfc702cca579"
  integrity sha512-Tg2sISrWBbSsCRqpEMmdxn3KZfacrd0N2NYpZQIq0MHxGHMjwzYlxeB9pVIom/g7CBK28atDUQsTlOfG0wOsNA==

nopt@^2.2.0:
  version "2.2.1"
  resolved "https://registry.yarnpkg.com/nopt/-/nopt-2.2.1.tgz#2aa09b7d1768487b3b89a9c5aa52335bff0baea7"
  integrity sha512-gIOTA/uJuhPwFqp+spY7VQ1satbnGlD+iQVZxI18K6hs8Evq4sX81Ml7BB5byP/LsbR2yBVtmvdEmhi7evJ6Aw==
  dependencies:
    abbrev "1"

nopt@^3.0.6:
  version "3.0.6"
  resolved "https://registry.yarnpkg.com/nopt/-/nopt-3.0.6.tgz#c6465dbf08abcd4db359317f79ac68a646b28ff9"
  integrity sha512-4GUt3kSEYmk4ITxzB/b9vaIDfUVWN/Ml1Fwl11IlnIG2iaJ9O6WXZ9SrYM9NLI8OCBieN2Y8SWC2oJV0RQ7qYg==
  dependencies:
    abbrev "1"

normalize-package-data@^1.0.0:
  version "1.0.3"
  resolved "https://registry.yarnpkg.com/normalize-package-data/-/normalize-package-data-1.0.3.tgz#8be955b8907af975f1a4584ea8bb9b41492312f5"
  integrity sha512-pyPVJAzFiaioifPIsJBEoKJ9YcPHz7UhckZ7wqhBztLLCu6NozkIDrN+frzrCwjXtfunXfaMWIDtcDhnbO8fWA==
  dependencies:
    github-url-from-git "^1.3.0"
    github-url-from-username-repo "^1.0.0"
    semver "2 || 3 || 4"

npm-license-crawler@^0.2.1:
  version "0.2.1"
  resolved "https://registry.yarnpkg.com/npm-license-crawler/-/npm-license-crawler-0.2.1.tgz#a76a82e0a0407e2032c03dc5b1d518cf9eac9e1d"
  integrity sha512-CRchloUjZk/ZSAkb5JbCKNFojLWtbjxwsB7w48kauHXK+5bjby2HXFvGvicVx7uNBY6HBWEPw20qKc/4jlL+1Q==
  dependencies:
    async "^2.6.1"
    chalk "^2.4.2"
    jquery-extend "~2.0.3"
    license-checker "git+https://github.com/mwittig/license-checker#d546e3f738e14c62e732346fa355162d46700893"
    mkdirp "^0.5.1"
    nopt "^3.0.6"
    nopt-defaults "^0.0.1"
    nopt-usage "^0.1.0"
    treeify "^1.1.0"

once@^1.3.0:
  version "1.4.0"
  resolved "https://registry.yarnpkg.com/once/-/once-1.4.0.tgz#583b1aa775961d4b113ac17d9c50baef9dd76bd1"
  integrity sha512-lNaJgI+2Q5URQBkccEKHTQOPaXdUxnZZElQTZY0MFUAuaEqe1E+Nyvgdz/aIyNi6Z9MzO5dv1H8n58/GELp3+w==
  dependencies:
    wrappy "1"

path-is-absolute@^1.0.0:
  version "1.0.1"
  resolved "https://registry.yarnpkg.com/path-is-absolute/-/path-is-absolute-1.0.1.tgz#174b9268735534ffbc7ace6bf53a5a9e1b5c5f5f"
  integrity sha512-AVbw3UJ2e9bq64vSaS9Am0fje1Pa8pbGqTTsmXfaIiMpnr5DlDhfJOuLj9Sf95ZPVDAUerDfEk88MPmPe7UCQg==

prettier@^2.8.2:
  version "2.8.2"
  resolved "https://registry.yarnpkg.com/prettier/-/prettier-2.8.2.tgz#c4ea1b5b454d7c4b59966db2e06ed7eec5dfd160"
  integrity sha512-BtRV9BcncDyI2tsuS19zzhzoxD8Dh8LiCx7j7tHzrkz8GFXAexeWFdi22mjE1d16dftH2qNaytVxqiRTGlMfpw==

read-installed@~3.1.3:
  version "3.1.5"
  resolved "https://registry.yarnpkg.com/read-installed/-/read-installed-3.1.5.tgz#4ae36081afd3e2204dc2e279807aaa52c30c8c0c"
  integrity sha512-XxD5VDz32T6rLCFfYElTif8/lkqcs9y51Gs2r30rAfT7LUGzJWaXLrwvn6fXkDsTzGcPr7Pj8CggOxwTxl/ozQ==
  dependencies:
    debuglog "^1.0.1"
    read-package-json "1"
    readdir-scoped-modules "^1.0.0"
    semver "2 || 3 || 4"
    slide "~1.1.3"
    util-extend "^1.0.1"
  optionalDependencies:
    graceful-fs "2 || 3"

read-package-json@1:
  version "1.3.3"
  resolved "https://registry.yarnpkg.com/read-package-json/-/read-package-json-1.3.3.tgz#ef79dfda46e165376ee8a57efbfedd4d1b029ba4"
  integrity sha512-9bayCl9cbXy3AL0qXhLQ0vliEgpzUVeLegSOrde3ujTHy2W18UsJiMUXEWkjbBB4ZnJzZPVuo2vAW62j4gY7gg==
  dependencies:
    glob "^5.0.3"
    json-parse-helpfulerror "^1.0.2"
    normalize-package-data "^1.0.0"
  optionalDependencies:
    graceful-fs "2 || 3"

readdir-scoped-modules@^1.0.0:
  version "1.1.0"
  resolved "https://registry.yarnpkg.com/readdir-scoped-modules/-/readdir-scoped-modules-1.1.0.tgz#8d45407b4f870a0dcaebc0e28670d18e74514309"
  integrity sha512-asaikDeqAQg7JifRsZn1NJZXo9E+VwlyCfbkZhwyISinqk5zNS6266HS5kah6P0SaQKGF6SkNnZVHUzHFYxYDw==
  dependencies:
    debuglog "^1.0.1"
    dezalgo "^1.0.0"
    graceful-fs "^4.1.2"
    once "^1.3.0"

"semver@2 || 3 || 4":
  version "4.3.6"
  resolved "https://registry.yarnpkg.com/semver/-/semver-4.3.6.tgz#300bc6e0e86374f7ba61068b5b1ecd57fc6532da"
  integrity sha512-IrpJ+yoG4EOH8DFWuVg+8H1kW1Oaof0Wxe7cPcXW3x9BjkN/eVo54F15LyqemnDIUYskQWr9qvl/RihmSy6+xQ==

slide@~1.1.3:
  version "1.1.6"
  resolved "https://registry.yarnpkg.com/slide/-/slide-1.1.6.tgz#56eb027d65b4d2dce6cb2e2d32c4d4afc9e1d707"
  integrity sha512-NwrtjCg+lZoqhFU8fOwl4ay2ei8PaqCBOUV3/ektPY9trO1yQ1oXEfmHAhKArUVUr/hOHvy5f6AdP17dCM0zMw==

strip-ansi@^0.3.0:
  version "0.3.0"
  resolved "https://registry.yarnpkg.com/strip-ansi/-/strip-ansi-0.3.0.tgz#25f48ea22ca79187f3174a4db8759347bb126220"
  integrity sha512-DerhZL7j6i6/nEnVG0qViKXI0OKouvvpsAiaj7c+LfqZZZxdwZtv8+UiA/w4VUJpT8UzX0pR1dcHOii1GbmruQ==
  dependencies:
    ansi-regex "^0.2.1"

supports-color@^0.2.0:
  version "0.2.0"
  resolved "https://registry.yarnpkg.com/supports-color/-/supports-color-0.2.0.tgz#d92de2694eb3f67323973d7ae3d8b55b4c22190a"
  integrity sha512-tdCZ28MnM7k7cJDJc7Eq80A9CsRFAAOZUy41npOZCs++qSjfIy7o5Rh46CBk+Dk5FbKJ33X3Tqg4YrV07N5RaA==

supports-color@^5.3.0:
  version "5.5.0"
  resolved "https://registry.yarnpkg.com/supports-color/-/supports-color-5.5.0.tgz#e2e69a44ac8772f78a1ec0b35b689df6530efc8f"
  integrity sha512-QjVjwdXIt408MIiAqCX4oUKsgU2EqAGzs2Ppkm4aQYbjm+ZEWEcW4SfFNTr4uMNZma0ey4f5lgLrkB0aX0QMow==
  dependencies:
    has-flag "^3.0.0"

treeify@^1.0.1, treeify@^1.1.0:
  version "1.1.0"
  resolved "https://registry.yarnpkg.com/treeify/-/treeify-1.1.0.tgz#4e31c6a463accd0943879f30667c4fdaff411bb8"
  integrity sha512-1m4RA7xVAJrSGrrXGs0L3YTwyvBs2S8PbRHaLZAkFw7JR8oIFwYtysxlBZhYIa7xSyiYJKZ3iGrrk55cGA3i9A==

util-extend@^1.0.1:
  version "1.0.3"
  resolved "https://registry.yarnpkg.com/util-extend/-/util-extend-1.0.3.tgz#a7c216d267545169637b3b6edc6ca9119e2ff93f"
  integrity sha512-mLs5zAK+ctllYBj+iAQvlDCwoxU/WDOUaJkcFudeiAX6OajC6BKXJUa9a+tbtkC11dz2Ufb7h0lyvIOVn4LADA==

wrappy@1:
  version "1.0.2"
  resolved "https://registry.yarnpkg.com/wrappy/-/wrappy-1.0.2.tgz#b5243d8f3ec1aa35f1364605bc0d1036e30ab69f"
  integrity sha512-l4Sp/DRseor9wL6EvV2+TuQn63dMkPjZ/sp9XkghTEbV9KlPS1xUsZ3u7/IQO4wxtcFB4bgpQPRcR3QCvezPcQ==
